# THIS IS AN AUTOGENERATED FILE. DO NOT EDIT THIS FILE DIRECTLY.
# yarn lockfile v1


"@confluxproject/abi@5.0.9", "@confluxproject/abi@^5.0.5":
  version "5.0.9"
  resolved "https://registry.yarnpkg.com/@confluxproject/abi/-/abi-5.0.9.tgz#d50fb31647da3ba031e5a66dd8d12a6fab6d0eec"
  integrity sha512-KkaAcWN66q+y9ra/71wWTxjKklMg7EPGSo9bKmA1g5ZFMApT4hwh2In+1om7jgc/0jcpezBs0UwP/rfLNl3j5Q==
  dependencies:
    "@confluxproject/address" "^5.0.4"
    "@confluxproject/bignumber" "^5.0.7"
    "@confluxproject/bytes" "^5.0.4"
    "@confluxproject/constants" "^5.0.4"
    "@confluxproject/hash" "^5.0.4"
    "@confluxproject/keccak256" "^5.0.3"
    "@confluxproject/logger" "^5.0.5"
    "@confluxproject/properties" "^5.0.3"
    "@confluxproject/strings" "^5.0.4"

"@confluxproject/abstract-provider@5.0.7", "@confluxproject/abstract-provider@^5.0.4":
  version "5.0.7"
  resolved "https://registry.yarnpkg.com/@confluxproject/abstract-provider/-/abstract-provider-5.0.7.tgz#a5c0c4799e90f068aae8471997372072f0dc8ae1"
  integrity sha512-9DgaWiboYjKys3LvETVkmERmFUU/lbhwtJOBFggApwwsQmDwB8T9EznOsF5oYpPieCX2vc+jopdyeBli5Rh9NA==
  dependencies:
    "@confluxproject/bignumber" "^5.0.7"
    "@confluxproject/bytes" "^5.0.4"
    "@confluxproject/logger" "^5.0.5"
    "@confluxproject/networks" "^5.0.3"
    "@confluxproject/properties" "^5.0.3"
    "@confluxproject/transactions" "^5.0.5"
    "@confluxproject/web" "^5.0.6"

"@confluxproject/abstract-signer@5.0.9", "@confluxproject/abstract-signer@^5.0.4", "@confluxproject/abstract-signer@^5.0.6":
  version "5.0.9"
  resolved "https://registry.yarnpkg.com/@confluxproject/abstract-signer/-/abstract-signer-5.0.9.tgz#84993bf1ed9320580c3a91549782d4d826d343ff"
  integrity sha512-7s5EQXGPM/sTCvnvZ/H5NaiDWpPx9kiCtG9+kVwal3fYKNkCm3BRmSe5pGS4QgUqk9K8mWS2qW5gbbGzpqGVVA==
  dependencies:
    "@confluxproject/abstract-provider" "^5.0.4"
    "@confluxproject/bignumber" "^5.0.7"
    "@confluxproject/bytes" "^5.0.4"
    "@confluxproject/logger" "^5.0.5"
    "@confluxproject/properties" "^5.0.3"

"@confluxproject/address@5.0.8", "@confluxproject/address@^5.0.4", "@confluxproject/address@^5.0.5":
  version "5.0.8"
  resolved "https://registry.yarnpkg.com/@confluxproject/address/-/address-5.0.8.tgz#b28324e68fb203fabcdd7f295bfefe9bf4cd9a3f"
  integrity sha512-TTg4fhW4z7CvQY5PuWj82zPa9ZpJKZOdOicPEZ52gxDjiKeRtsIeIzvFQ4dVCyJcj+1IpxYIVAbGKNtTX56FWg==
  dependencies:
    "@confluxproject/bignumber" "^5.0.10"
    "@confluxproject/bytes" "^5.0.4"
    "@confluxproject/keccak256" "^5.0.3"
    "@confluxproject/logger" "^5.0.5"
    "@confluxproject/rlp" "^5.0.3"

"@confluxproject/base64@5.0.6", "@confluxproject/base64@^5.0.3":
  version "5.0.6"
  resolved "https://registry.yarnpkg.com/@confluxproject/base64/-/base64-5.0.6.tgz#e33e1c60c0c3ba628530f157c13436c12417ed63"
  integrity sha512-NaMmQNbqpuyzWy4CaBGmFBCJCIdB/e9omE/7xOm5xFTolnTrFVPH3wwIcbI2hTwsDRNixm75I6Q5BDdlKXMK/Q==
  dependencies:
    "@confluxproject/bytes" "^5.0.4"

"@confluxproject/basex@5.0.6", "@confluxproject/basex@^5.0.3":
  version "5.0.6"
  resolved "https://registry.yarnpkg.com/@confluxproject/basex/-/basex-5.0.6.tgz#ed45c2efafb4357df1e5fd89ab54983a42ce251d"
  integrity sha512-ueX6UJugKQoJC+TsxVmCp/dATVbVXgipWrvtFyrGIfTsB9yOlVZAk4v1gaVdTNoY5Br8JD+n3GLpcsATm2IdhA==
  dependencies:
    "@confluxproject/bytes" "^5.0.4"
    "@confluxproject/properties" "^5.0.3"

"@confluxproject/bignumber@5.0.12", "@confluxproject/bignumber@^5.0.10", "@confluxproject/bignumber@^5.0.7", "@confluxproject/bignumber@^5.0.8":
  version "5.0.12"
  resolved "https://registry.yarnpkg.com/@confluxproject/bignumber/-/bignumber-5.0.12.tgz#3d621e7c5d6d1f39495a5dd9102dfbf47635fa30"
  integrity sha512-NeTOhuZYDLjQ6n21HqlYcwKDRR41suPfTVJkEylKQnvVmf1Uor7WCfm1L7Jve6yJ6+MfDxIuz9+GCk/PQfOwbg==
  dependencies:
    "@confluxproject/bytes" "^5.0.8"
    "@confluxproject/logger" "^5.0.5"
    bn.js "^4.4.0"

"@confluxproject/bytes@5.0.8", "@confluxproject/bytes@^5.0.4", "@confluxproject/bytes@^5.0.8":
  version "5.0.8"
  resolved "https://registry.yarnpkg.com/@confluxproject/bytes/-/bytes-5.0.8.tgz#2649519fc1c095046fcb61c7e88f174404fd166d"
  integrity sha512-t3FlS1OU7QpDO/vybSZqDZwqYO9+eS+qHB+iK1Y77gRqBgck9vqVZabRyBmuv0wEKO0KBB7Adq2cuJm9Mj3qtg==
  dependencies:
    "@confluxproject/logger" "^5.0.5"

"@confluxproject/constants@5.0.7", "@confluxproject/constants@^5.0.4":
  version "5.0.7"
  resolved "https://registry.yarnpkg.com/@confluxproject/constants/-/constants-5.0.7.tgz#b77055117cc336841908ff4bf3d92ca8d33db3c3"
  integrity sha512-DIVDMStTOm/maB1LoICEHiLoBf8tpN9bISHHApmU2UDwZIQaNvhydjCgpHiBgMhU+u5wgu3ZABX5039gIHXRAA==
  dependencies:
    "@confluxproject/bignumber" "^5.0.7"

"@confluxproject/contracts@5.0.8":
  version "5.0.8"
  resolved "https://registry.yarnpkg.com/@confluxproject/contracts/-/contracts-5.0.8.tgz#7909cfcfbbaefbac286b774101b3368cb631e8d4"
  integrity sha512-Wk/aVji6pJ6HC5DcnyWUQ3EVoqtbZyZiV3NxpcX8ZtuFrYWbCvXRzPltZPr5YJ+M7INDEQp9N72GT2wab7xyrA==
  dependencies:
    "@confluxproject/abi" "^5.0.5"
    "@confluxproject/abstract-provider" "^5.0.4"
    "@confluxproject/abstract-signer" "^5.0.4"
    "@confluxproject/address" "^5.0.4"
    "@confluxproject/bignumber" "^5.0.7"
    "@confluxproject/bytes" "^5.0.4"
    "@confluxproject/constants" "^5.0.4"
    "@confluxproject/logger" "^5.0.5"
    "@confluxproject/properties" "^5.0.3"

"@confluxproject/hash@5.0.9", "@confluxproject/hash@^5.0.4":
  version "5.0.9"
  resolved "https://registry.yarnpkg.com/@confluxproject/hash/-/hash-5.0.9.tgz#fe20d37081ec1de93e31831f1e5a393e0de79886"
  integrity sha512-QRAb8sDx/UTP7FshAMxYK1YBS+ujE+r8Qx58k+gAM6x74zkXL5IVqWSKbDVgoVTFSZ76bYyihg9MCvHJpGkxPQ==
  dependencies:
    "@confluxproject/abstract-signer" "^5.0.6"
    "@confluxproject/address" "^5.0.5"
    "@confluxproject/bignumber" "^5.0.8"
    "@confluxproject/bytes" "^5.0.4"
    "@confluxproject/keccak256" "^5.0.3"
    "@confluxproject/logger" "^5.0.5"
    "@confluxproject/properties" "^5.0.4"
    "@confluxproject/strings" "^5.0.4"

"@confluxproject/hdnode@5.0.7", "@confluxproject/hdnode@^5.0.4":
  version "5.0.7"
  resolved "https://registry.yarnpkg.com/@confluxproject/hdnode/-/hdnode-5.0.7.tgz#c80f723a8015d143e71f51a8b763e17ab4ed562c"
  integrity sha512-MNM2lcnFDDKc/p5fUchMeSjRDcolScxo0khWG6DO/5Z5dUWqw1nRxJdIsCiD/4uo6KdUNipmmps2/8VE6hIc0A==
  dependencies:
    "@confluxproject/abstract-signer" "^5.0.4"
    "@confluxproject/basex" "^5.0.3"
    "@confluxproject/bignumber" "^5.0.7"
    "@confluxproject/bytes" "^5.0.4"
    "@confluxproject/logger" "^5.0.5"
    "@confluxproject/pbkdf2" "^5.0.3"
    "@confluxproject/properties" "^5.0.3"
    "@confluxproject/sha2" "^5.0.3"
    "@confluxproject/signing-key" "^5.0.4"
    "@confluxproject/strings" "^5.0.4"
    "@confluxproject/transactions" "^5.0.5"
    "@confluxproject/wordlists" "^5.0.4"

"@confluxproject/json-wallets@5.0.9", "@confluxproject/json-wallets@^5.0.6":
  version "5.0.9"
  resolved "https://registry.yarnpkg.com/@confluxproject/json-wallets/-/json-wallets-5.0.9.tgz#7203ca671e10d59137239613557b5520580abb74"
  integrity sha512-L7s6e1/QI/BWvYtLBWK9fZhtpfYDSsGgsUORYu6C217QvDMaZTzAAWILyCiSWdh3XpmAc1xEPSye7yfO3bjkMA==
  dependencies:
    "@confluxproject/abstract-signer" "^5.0.4"
    "@confluxproject/address" "^5.0.4"
    "@confluxproject/bytes" "^5.0.4"
    "@confluxproject/hdnode" "^5.0.4"
    "@confluxproject/keccak256" "^5.0.3"
    "@confluxproject/logger" "^5.0.5"
    "@confluxproject/pbkdf2" "^5.0.3"
    "@confluxproject/properties" "^5.0.3"
    "@confluxproject/random" "^5.0.3"
    "@confluxproject/strings" "^5.0.4"
    "@confluxproject/transactions" "^5.0.5"
    aes-js "3.0.0"
    scrypt-js "3.0.1"

"@confluxproject/keccak256@5.0.6", "@confluxproject/keccak256@^5.0.3":
  version "5.0.6"
  resolved "https://registry.yarnpkg.com/@confluxproject/keccak256/-/keccak256-5.0.6.tgz#0c121185d2cc1befc2d9af550710682f88cddf39"
  integrity sha512-a5rj+QSJGCB4TPfFBcCzEprEmxLBAVlJg69u6Xxzgh4ugTBv/B6vURFQ3uU+G/qhBmdwpgz1Vdx+tJD2RvWqRg==
  dependencies:
    "@confluxproject/bytes" "^5.0.4"
    js-sha3 "0.5.7"

"@confluxproject/logger@5.0.8":
  version "5.0.8"
  resolved "https://registry.yarnpkg.com/@confluxproject/logger/-/logger-5.0.8.tgz#d2205a7293d45f0e68349d60b847df1df5784127"
  integrity sha512-4K05GlMbx2X1TwbUg4429NGnVJ5cnJIOQI1EKmGQmlU5/uRrdRyrFrlYjCug0whj6+c5RUWIePhlWcKyedQoKg==

"@confluxproject/logger@^5.0.5":
  version "5.0.10"
  resolved "https://registry.yarnpkg.com/@confluxproject/logger/-/logger-5.0.10.tgz#c43ea635b37fd08f359bfb580fededf071f53427"
  integrity sha512-2+JlgHbiv1fbTWrKkbQiTSt55RSVeAASTmPkwhk7Z2CQT/83zihQG9ovkuuDw/u0UZW467hzWZQaopZ6g/DuKg==

"@confluxproject/networks@5.0.6", "@confluxproject/networks@^5.0.3":
  version "5.0.6"
  resolved "https://registry.yarnpkg.com/@confluxproject/networks/-/networks-5.0.6.tgz#2a206dfadf5dc43e30ac7635b966e5e2e5cdf75a"
  integrity sha512-t6VAJ07E1um+26dChsJ/K6Lp3PzY0ADkKqpkCXR4mhpVtt6MlFjmO1svPwWmVSlecbE9onrLQVm1CwDXTY/MXQ==
  dependencies:
    "@confluxproject/logger" "^5.0.5"

"@confluxproject/pbkdf2@5.0.6", "@confluxproject/pbkdf2@^5.0.3":
  version "5.0.6"
  resolved "https://registry.yarnpkg.com/@confluxproject/pbkdf2/-/pbkdf2-5.0.6.tgz#ada5d8cdc1bc251e7065bcb2b1eb5d4ba4a8d03d"
  integrity sha512-r6xULLHTBX3/NOgPqkRKwTxB9odT04cYSosBzakThZPVF3ly/2/xpbvKygH8kZ0r1VKLoLwgzZoS1ZAj93Sq5A==
  dependencies:
    "@confluxproject/bytes" "^5.0.4"
    "@confluxproject/sha2" "^5.0.3"

"@confluxproject/properties@5.0.6", "@confluxproject/properties@^5.0.3", "@confluxproject/properties@^5.0.4":
  version "5.0.6"
  resolved "https://registry.yarnpkg.com/@confluxproject/properties/-/properties-5.0.6.tgz#db09f90dd07c5d1a8e88115ef98c8496c51c80d5"
  integrity sha512-+DWrOUktaVawQqkHdBIC/pRtyoyowrqqiPgSSZNX2PqzUazAAuUHLrsjVFiwcT6uHXUEJMkOG025WXodkLWlag==
  dependencies:
    "@confluxproject/logger" "^5.0.5"

"@confluxproject/providers@5.0.17":
  version "5.0.17"
  resolved "https://registry.yarnpkg.com/@confluxproject/providers/-/providers-5.0.17.tgz#697913e4c0ec942bd415203750a320c441609d99"
  integrity sha512-ZDzdW+TYSJZ+SSQxJl9poar6Z2OmNT9cyIuJomakijpBsn6WcRIYh34yLV5g2kTruMiAiwNrVT6YF9+pG0bCTQ==
  dependencies:
    "@confluxproject/abstract-provider" "^5.0.4"
    "@confluxproject/abstract-signer" "^5.0.4"
    "@confluxproject/address" "^5.0.4"
    "@confluxproject/basex" "^5.0.3"
    "@confluxproject/bignumber" "^5.0.7"
    "@confluxproject/bytes" "^5.0.4"
    "@confluxproject/constants" "^5.0.4"
    "@confluxproject/hash" "^5.0.4"
    "@confluxproject/logger" "^5.0.5"
    "@confluxproject/networks" "^5.0.3"
    "@confluxproject/properties" "^5.0.3"
    "@confluxproject/random" "^5.0.3"
    "@confluxproject/rlp" "^5.0.3"
    "@confluxproject/sha2" "^5.0.3"
    "@confluxproject/strings" "^5.0.4"
    "@confluxproject/transactions" "^5.0.5"
    "@confluxproject/web" "^5.0.6"
    bech32 "1.1.4"
    ws "7.2.3"

"@confluxproject/random@5.0.6", "@confluxproject/random@^5.0.3":
  version "5.0.6"
  resolved "https://registry.yarnpkg.com/@confluxproject/random/-/random-5.0.6.tgz#cf24a3f245b6938875ec2d69774931a3543e8bde"
  integrity sha512-1TdxcmJWzDG3S44NvJ4Jj1BkX60Mru84PfNbyfrut+JKN0RHhzI/oXlBK/cnamw6LR5yCMKl3DQq8zUXD07TAg==
  dependencies:
    "@confluxproject/bytes" "^5.0.4"
    "@confluxproject/logger" "^5.0.5"

"@confluxproject/rlp@5.0.6", "@confluxproject/rlp@^5.0.3":
  version "5.0.6"
  resolved "https://registry.yarnpkg.com/@confluxproject/rlp/-/rlp-5.0.6.tgz#5ef11d760ddf10109fc4b3b30ffb6d5960859d3a"
  integrity sha512-nIFP83TY+eUUbZtjqFU9t6MwI6nmK73Pboae2CJbaqtMHDD/xGQcW4Vh5y5LM+tW5CDMDqu0rMm5DGk6iI7jKw==
  dependencies:
    "@confluxproject/bytes" "^5.0.4"
    "@confluxproject/logger" "^5.0.5"

"@confluxproject/sha2@5.0.6", "@confluxproject/sha2@^5.0.3":
  version "5.0.6"
  resolved "https://registry.yarnpkg.com/@confluxproject/sha2/-/sha2-5.0.6.tgz#2a6b57a4938844badb08e70872717b1fe8a55ce3"
  integrity sha512-1grfb4F/tq8G5GjKiEeXozXQ1JSn6mJThEkBrwGzTCjt2dqZyIKWntbY4HcgCXDZba0WYowAEKmjiAz0yvfAoQ==
  dependencies:
    "@confluxproject/bytes" "^5.0.4"
    "@confluxproject/logger" "^5.0.5"
    hash.js "1.1.3"

"@confluxproject/signing-key@5.0.7", "@confluxproject/signing-key@^5.0.4":
  version "5.0.7"
  resolved "https://registry.yarnpkg.com/@confluxproject/signing-key/-/signing-key-5.0.7.tgz#b111cde04258d4916e6707d03bd179961a6d0d00"
  integrity sha512-E/7b0WX8DN2KZKyucITnMFhxGyMsbATqSDgXLugdhHYVYYuWYpyn6kMeqK9JFJlibQADwJjlSV4bUtxsQ7sHaQ==
  dependencies:
    "@confluxproject/bytes" "^5.0.4"
    "@confluxproject/logger" "^5.0.5"
    "@confluxproject/properties" "^5.0.3"
    elliptic "6.5.3"

"@confluxproject/solidity@5.0.7":
  version "5.0.7"
  resolved "https://registry.yarnpkg.com/@confluxproject/solidity/-/solidity-5.0.7.tgz#62cd8e7b5ec68051668b338b1ca44e990fcb9013"
  integrity sha512-c492ftgqlVTh+AXOz5dW6f+t2r/6FwmBTHIs6TwkPRLOrPvoF753UkAn1OrwL+QtzeK9Xyc0BWTZj0devjky5w==
  dependencies:
    "@confluxproject/bignumber" "^5.0.7"
    "@confluxproject/bytes" "^5.0.4"
    "@confluxproject/keccak256" "^5.0.3"
    "@confluxproject/sha2" "^5.0.3"
    "@confluxproject/strings" "^5.0.4"

"@confluxproject/strings@5.0.7", "@confluxproject/strings@^5.0.4":
  version "5.0.7"
  resolved "https://registry.yarnpkg.com/@confluxproject/strings/-/strings-5.0.7.tgz#1064fe863963c85abc3c3096a137a0a28a7e6ab5"
  integrity sha512-49wsC+q/RUHZWh5UWYuviT5OHrl0jg9akQZrXWvTVMp4xAEW7wB9fn2p1FwhbKO5WyLIsLyutaBXbafQ/on6dQ==
  dependencies:
    "@confluxproject/bytes" "^5.0.4"
    "@confluxproject/constants" "^5.0.4"
    "@confluxproject/logger" "^5.0.5"

"@confluxproject/transactions@5.0.8", "@confluxproject/transactions@^5.0.5":
  version "5.0.8"
  resolved "https://registry.yarnpkg.com/@confluxproject/transactions/-/transactions-5.0.8.tgz#dae680571b5ecb8bd828aee3bc4d68edff613460"
  integrity sha512-FFKEOT262PRCY/NfCXNQ8Mlw5PqE+HAtN8Aw89E6E/gL4ont7UHivqAQ9TyVYPISkUfK1IssExYZRabYTCImNw==
  dependencies:
    "@confluxproject/address" "^5.0.4"
    "@confluxproject/bignumber" "^5.0.7"
    "@confluxproject/bytes" "^5.0.4"
    "@confluxproject/constants" "^5.0.4"
    "@confluxproject/keccak256" "^5.0.3"
    "@confluxproject/logger" "^5.0.5"
    "@confluxproject/properties" "^5.0.3"
    "@confluxproject/rlp" "^5.0.3"
    "@confluxproject/signing-key" "^5.0.4"

"@confluxproject/units@5.0.8":
  version "5.0.8"
  resolved "https://registry.yarnpkg.com/@confluxproject/units/-/units-5.0.8.tgz#6b3986b22a79aac46b53f445234180b9a52eaf0d"
  integrity sha512-6xVXR/l9N6karSuvCbEfuCiBK1vTKMdT5503HkZMrb9s2u2rMAdr/99aUdfJB5Lk+iu3g3TT90m5I2aLLpXxPg==
  dependencies:
    "@confluxproject/bignumber" "^5.0.7"
    "@confluxproject/constants" "^5.0.4"
    "@confluxproject/logger" "^5.0.5"

"@confluxproject/wallet@5.0.9":
  version "5.0.9"
  resolved "https://registry.yarnpkg.com/@confluxproject/wallet/-/wallet-5.0.9.tgz#267bf35071940631356a9a2aec8ddc7e3487f9c0"
  integrity sha512-EHOobSx/GSvzzhyn6CsbV5HDn4LyrNaC9avZAazN9hEIzEC8KfGp2n6G/YIWUBPsVwVEl30RRPiZtc+ah8UPJg==
  dependencies:
    "@confluxproject/abstract-provider" "^5.0.4"
    "@confluxproject/abstract-signer" "^5.0.4"
    "@confluxproject/address" "^5.0.4"
    "@confluxproject/bignumber" "^5.0.7"
    "@confluxproject/bytes" "^5.0.4"
    "@confluxproject/hash" "^5.0.4"
    "@confluxproject/hdnode" "^5.0.4"
    "@confluxproject/json-wallets" "^5.0.6"
    "@confluxproject/keccak256" "^5.0.3"
    "@confluxproject/logger" "^5.0.5"
    "@confluxproject/properties" "^5.0.3"
    "@confluxproject/random" "^5.0.3"
    "@confluxproject/signing-key" "^5.0.4"
    "@confluxproject/transactions" "^5.0.5"
    "@confluxproject/wordlists" "^5.0.4"

"@confluxproject/web@5.0.11", "@confluxproject/web@^5.0.6":
  version "5.0.11"
  resolved "https://registry.yarnpkg.com/@confluxproject/web/-/web-5.0.11.tgz#0d20623294ac5682c1eea1cecaf84adf4d43bfa1"
  integrity sha512-rwxSo2+bcgFIrO+gbUpnsZwZbIYbaxYHrtYjbHlvzDsoXbhG356RwpGGhaUv0lyZNXos+VnZBQhslPVtoPXr6w==
  dependencies:
    "@confluxproject/base64" "^5.0.3"
    "@confluxproject/bytes" "^5.0.4"
    "@confluxproject/logger" "^5.0.5"
    "@confluxproject/properties" "^5.0.3"
    "@confluxproject/strings" "^5.0.4"

"@confluxproject/wordlists@5.0.7", "@confluxproject/wordlists@^5.0.4":
  version "5.0.7"
  resolved "https://registry.yarnpkg.com/@confluxproject/wordlists/-/wordlists-5.0.7.tgz#dbc6fb218fb1b85c0d1f3f969a3cfecc906db9b7"
  integrity sha512-4qq3MB8u/NSz1DRJM7Q170JDpTSxCLtLvv5zkui+sy+HtJUwtBFkkC8hfliwQYfvg5Ut4gHA+zIAJ1G0K6uTnQ==
  dependencies:
    "@confluxproject/bytes" "^5.0.4"
    "@confluxproject/hash" "^5.0.4"
    "@confluxproject/logger" "^5.0.5"
    "@confluxproject/properties" "^5.0.3"
    "@confluxproject/strings" "^5.0.4"

aes-js@3.0.0:
  version "3.0.0"
  resolved "https://registry.yarnpkg.com/aes-js/-/aes-js-3.0.0.tgz#e21df10ad6c2053295bcbb8dab40b09dbea87e4d"
  integrity sha1-4h3xCtbCBTKVvLuNq0Cwnb6ofk0=

bech32@1.1.4:
  version "1.1.4"
  resolved "https://registry.yarnpkg.com/bech32/-/bech32-1.1.4.tgz#e38c9f37bf179b8eb16ae3a772b40c356d4832e9"
  integrity sha512-s0IrSOzLlbvX7yp4WBfPITzpAU8sqQcpsmwXDiKwrG4r491vwCO/XpejasRNl0piBMe/DvP4Tz0mIS/X1DPJBQ==

bn.js@^4.4.0:
  version "4.12.0"
  resolved "https://registry.yarnpkg.com/bn.js/-/bn.js-4.12.0.tgz#775b3f278efbb9718eec7361f483fb36fbbfea88"
  integrity sha512-c98Bf3tPniI+scsdk237ku1Dc3ujXQTSgyiPUDEOe7tRkhrqridvh8klBv0HCEso1OLOYcHuCv/cS6DNxKH+ZA==

brorand@^1.0.1:
  version "1.1.0"
  resolved "https://registry.yarnpkg.com/brorand/-/brorand-1.1.0.tgz#12c25efe40a45e3c323eb8675a0a0ce57b22371f"
  integrity sha1-EsJe/kCkXjwyPrhnWgoM5XsiNx8=

elliptic@6.5.3:
  version "6.5.3"
  resolved "https://registry.yarnpkg.com/elliptic/-/elliptic-6.5.3.tgz#cb59eb2efdaf73a0bd78ccd7015a62ad6e0f93d6"
  integrity sha512-IMqzv5wNQf+E6aHeIqATs0tOLeOTwj1QKbRcS3jBbYkl5oLAserA8yJTT7/VyHUYG91PRmPyeQDObKLPpeS4dw==
  dependencies:
    bn.js "^4.4.0"
    brorand "^1.0.1"
    hash.js "^1.0.0"
    hmac-drbg "^1.0.0"
    inherits "^2.0.1"
    minimalistic-assert "^1.0.0"
    minimalistic-crypto-utils "^1.0.0"

hash.js@1.1.3:
  version "1.1.3"
  resolved "https://registry.yarnpkg.com/hash.js/-/hash.js-1.1.3.tgz#340dedbe6290187151c1ea1d777a3448935df846"
  integrity sha512-/UETyP0W22QILqS+6HowevwhEFJ3MBJnwTf75Qob9Wz9t0DPuisL8kW8YZMK62dHAKE1c1p+gY1TtOLY+USEHA==
  dependencies:
    inherits "^2.0.3"
    minimalistic-assert "^1.0.0"

hash.js@^1.0.0, hash.js@^1.0.3:
  version "1.1.7"
  resolved "https://registry.yarnpkg.com/hash.js/-/hash.js-1.1.7.tgz#0babca538e8d4ee4a0f8988d68866537a003cf42"
  integrity sha512-taOaskGt4z4SOANNseOviYDvjEJinIkRgmp7LbKP2YTTmVxWBl87s/uzK9r+44BclBSp2X7K1hqeNfz9JbBeXA==
  dependencies:
    inherits "^2.0.3"
    minimalistic-assert "^1.0.1"

hmac-drbg@^1.0.0:
  version "1.0.1"
  resolved "https://registry.yarnpkg.com/hmac-drbg/-/hmac-drbg-1.0.1.tgz#d2745701025a6c775a6c545793ed502fc0c649a1"
  integrity sha1-0nRXAQJabHdabFRXk+1QL8DGSaE=
  dependencies:
    hash.js "^1.0.3"
    minimalistic-assert "^1.0.0"
    minimalistic-crypto-utils "^1.0.1"

inherits@^2.0.1, inherits@^2.0.3:
  version "2.0.4"
  resolved "https://registry.yarnpkg.com/inherits/-/inherits-2.0.4.tgz#0fa2c64f932917c3433a0ded55363aae37416b7c"
  integrity sha512-k/vGaX4/Yla3WzyMCvTQOXYeIHvqOKtnqBduzTHpzpQZzAskKMhZ2K+EnBiSM9zGSoIFeMpXKxa4dYeZIQqewQ==

js-sha3@0.5.7:
  version "0.5.7"
  resolved "https://registry.yarnpkg.com/js-sha3/-/js-sha3-0.5.7.tgz#0d4ffd8002d5333aabaf4a23eed2f6374c9f28e7"
  integrity sha1-DU/9gALVMzqrr0oj7tL2N0yfKOc=

minimalistic-assert@^1.0.0, minimalistic-assert@^1.0.1:
  version "1.0.1"
  resolved "https://registry.yarnpkg.com/minimalistic-assert/-/minimalistic-assert-1.0.1.tgz#2e194de044626d4a10e7f7fbc00ce73e83e4d5c7"
  integrity sha512-UtJcAD4yEaGtjPezWuO9wC4nwUnVH/8/Im3yEHQP4b67cXlD/Qr9hdITCU1xDbSEXg2XKNaP8jsReV7vQd00/A==

minimalistic-crypto-utils@^1.0.0, minimalistic-crypto-utils@^1.0.1:
  version "1.0.1"
  resolved "https://registry.yarnpkg.com/minimalistic-crypto-utils/-/minimalistic-crypto-utils-1.0.1.tgz#f6c00c1c0b082246e5c4d99dfb8c7c083b2b582a"
  integrity sha1-9sAMHAsIIkblxNmd+4x8CDsrWCo=

scrypt-js@3.0.1:
  version "3.0.1"
  resolved "https://registry.yarnpkg.com/scrypt-js/-/scrypt-js-3.0.1.tgz#d314a57c2aef69d1ad98a138a21fe9eafa9ee312"
  integrity sha512-cdwTTnqPu0Hyvf5in5asVdZocVDTNRmR7XEcJuIzMjJeSHybHl7vpB66AzwTaIg6CLSbtjcxc8fqcySfnTkccA==

ws@7.2.3:
  version "7.2.3"
  resolved "https://registry.yarnpkg.com/ws/-/ws-7.2.3.tgz#a5411e1fb04d5ed0efee76d26d5c46d830c39b46"
  integrity sha512-HTDl9G9hbkNDk98naoR/cHDws7+EyYMOdL1BmjsZXRUjf7d+MficC4B7HLUPlSiho0vg+CWKrGIt/VJBd1xunQ==
